
Microsoft Visual Studio Solution File, Format Version 12.00
# Visual Studio 15
VisualStudioVersion = 15.0.26730.12
MinimumVisualStudioVersion = 10.0.40219.1
Project("{FAE04EC0-301F-11D3-BF4B-00C04F79EFBC}") = "Bandit", "Bandit\Bandit.csproj", "{5EB9B22B-055F-4A85-8A63-B70AF087EDDF}"
EndProject
Global
	GlobalSection(SolutionConfigurationPlatforms) = preSolution
		Debug|Any CPU = Debug|Any CPU
		Release|Any CPU = Release|Any CPU
	EndGlobalSection
	GlobalSection(ProjectConfigurationPlatforms) = postSolution
		{5EB9B22B-055F-4A85-8A63-B70AF087EDDF}.Debug|Any CPU.ActiveCfg = Debug|Any CPU
		{5EB9B22B-055F-4A85-8A63-B70AF087EDDF}.Debug|Any CPU.Build.0 = Debug|Any CPU
		{5EB9B22B-055F-4A85-8A63-B70AF087EDDF}.Release|Any CPU.ActiveCfg = Release|Any CPU
		{5EB9B22B-055F-4A85-8A63-B70AF087EDDF}.Release|Any CPU.Build.0 = Release|Any CPU
	EndGlobalSection
	GlobalSection(SolutionProperties) = preSolution
		HideSolutionNode = FALSE
	EndGlobalSection
	GlobalSection(ExtensibilityGlobals) = postSolution
		SolutionGuid = {1942CC9F-74AD-4725-A437-70BC0EDDCEDA}
	EndGlobalSection
EndGlobal
